
Microsoft Visual Studio Solution File, Format Version 12.00
# Visual Studio 2012
Project("{FAE04EC0-301F-11D3-BF4B-00C04F79EFBC}") = "api_long_proces", "api_long_proces\api_long_proces.csproj", "{401276DA-8B31-4C77-B897-60BD9572E34C}"
EndProject
Global
	GlobalSection(SolutionConfigurationPlatforms) = preSolution
		Debug|Any CPU = Debug|Any CPU
		Release|Any CPU = Release|Any CPU
	EndGlobalSection
	GlobalSection(ProjectConfigurationPlatforms) = postSolution
		{401276DA-8B31-4C77-B897-60BD9572E34C}.Debug|Any CPU.ActiveCfg = Debug|Any CPU
		{401276DA-8B31-4C77-B897-60BD9572E34C}.Debug|Any CPU.Build.0 = Debug|Any CPU
		{401276DA-8B31-4C77-B897-60BD9572E34C}.Release|Any CPU.ActiveCfg = Release|Any CPU
		{401276DA-8B31-4C77-B897-60BD9572E34C}.Release|Any CPU.Build.0 = Release|Any CPU
	EndGlobalSection
EndGlobal
